// !$*UTF8*$!
{
	archiveVersion = 1;
	classes = {
	};
	objectVersion = 56;
	objects = {

/* Begin PBXBuildFile section */
		AA000001000000000000001A /* LeetcodeAnkiApp.swift in Sources */ = {isa = PBXBuildFile; fileRef = AA000001000000000000001B /* LeetcodeAnkiApp.swift */; };
		AA000001000000000000002A /* ContentView.swift in Sources */ = {isa = PBXBuildFile; fileRef = AA000001000000000000002B /* ContentView.swift */; };
		AA000001000000000000003A /* Card.swift in Sources */ = {isa = PBXBuildFile; fileRef = AA000001000000000000003B /* Card.swift */; };
		AA000001000000000000004A /* SM2Algorithm.swift in Sources */ = {isa = PBXBuildFile; fileRef = AA000001000000000000004B /* SM2Algorithm.swift */; };
		AA000001000000000000005A /* CardStore.swift in Sources */ = {isa = PBXBuildFile; fileRef = AA000001000000000000005B /* CardStore.swift */; };
		AA000001000000000000006A /* SeedCards.swift in Sources */ = {isa = PBXBuildFile; fileRef = AA000001000000000000006B /* SeedCards.swift */; };
		AA000001000000000000007A /* HomeView.swift in Sources */ = {isa = PBXBuildFile; fileRef = AA000001000000000000007B /* HomeView.swift */; };
		AA000001000000000000008A /* StudyView.swift in Sources */ = {isa = PBXBuildFile; fileRef = AA000001000000000000008B /* StudyView.swift */; };
		AA000001000000000000009A /* CardDetailView.swift in Sources */ = {isa = PBXBuildFile; fileRef = AA000001000000000000009B /* CardDetailView.swift */; };
		AA000001000000000000010A /* ProgressView.swift in Sources */ = {isa = PBXBuildFile; fileRef = AA000001000000000000010B /* ProgressView.swift */; };
		AA000001000000000000011A /* StudyViewModel.swift in Sources */ = {isa = PBXBuildFile; fileRef = AA000001000000000000011B /* StudyViewModel.swift */; };
		AA000001000000000000012A /* CategoryView.swift in Sources */ = {isa = PBXBuildFile; fileRef = AA000001000000000000012B /* CategoryView.swift */; };
		AA000001000000000000013A /* Assets.xcassets in Resources */ = {isa = PBXBuildFile; fileRef = AA000001000000000000013B /* Assets.xcassets */; };
/* End PBXBuildFile section */

/* Begin PBXFileReference section */
		AA000001000000000000001B /* LeetcodeAnkiApp.swift */ = {isa = PBXFileReference; lastKnownFileType = sourcecode.swift; path = LeetcodeAnkiApp.swift; sourceTree = "<group>"; };
		AA000001000000000000002B /* ContentView.swift */ = {isa = PBXFileReference; lastKnownFileType = sourcecode.swift; path = ContentView.swift; sourceTree = "<group>"; };
		AA000001000000000000003B /* Card.swift */ = {isa = PBXFileReference; lastKnownFileType = sourcecode.swift; path = Card.swift; sourceTree = "<group>"; };
		AA000001000000000000004B /* SM2Algorithm.swift */ = {isa = PBXFileReference; lastKnownFileType = sourcecode.swift; path = SM2Algorithm.swift; sourceTree = "<group>"; };
		AA000001000000000000005B /* CardStore.swift */ = {isa = PBXFileReference; lastKnownFileType = sourcecode.swift; path = CardStore.swift; sourceTree = "<group>"; };
		AA000001000000000000006B /* SeedCards.swift */ = {isa = PBXFileReference; lastKnownFileType = sourcecode.swift; path = SeedCards.swift; sourceTree = "<group>"; };
		AA000001000000000000007B /* HomeView.swift */ = {isa = PBXFileReference; lastKnownFileType = sourcecode.swift; path = HomeView.swift; sourceTree = "<group>"; };
		AA000001000000000000008B /* StudyView.swift */ = {isa = PBXFileReference; lastKnownFileType = sourcecode.swift; path = StudyView.swift; sourceTree = "<group>"; };
		AA000001000000000000009B /* CardDetailView.swift */ = {isa = PBXFileReference; lastKnownFileType = sourcecode.swift; path = CardDetailView.swift; sourceTree = "<group>"; };
		AA000001000000000000010B /* ProgressView.swift */ = {isa = PBXFileReference; lastKnownFileType = sourcecode.swift; path = ProgressView.swift; sourceTree = "<group>"; };
		AA000001000000000000011B /* StudyViewModel.swift */ = {isa = PBXFileReference; lastKnownFileType = sourcecode.swift; path = StudyViewModel.swift; sourceTree = "<group>"; };
		AA000001000000000000012B /* CategoryView.swift */ = {isa = PBXFileReference; lastKnownFileType = sourcecode.swift; path = CategoryView.swift; sourceTree = "<group>"; };
		AA000001000000000000013B /* Assets.xcassets */ = {isa = PBXFileReference; lastKnownFileType = folder.assetcatalog; path = Assets.xcassets; sourceTree = "<group>"; };
		AA0000010000000000000020 /* LeetcodeAnki.app */ = {isa = PBXFileReference; explicitFileType = wrapper.application; includeInIndex = 0; path = LeetcodeAnki.app; sourceTree = BUILT_PRODUCTS_DIR; };
/* End PBXFileReference section */

/* Begin PBXFrameworksBuildPhase section */
		AA0000010000000000000030 /* Frameworks */ = {
			isa = PBXFrameworksBuildPhase;
			buildActionMask = 2147483647;
			files = (
			);
			runOnlyForDeploymentPostprocessing = 0;
		};
/* End PBXFrameworksBuildPhase section */

/* Begin PBXGroup section */
		AA0000010000000000000040 /* LeetcodeAnki */ = {
			isa = PBXGroup;
			children = (
				AA0000010000000000000041 /* App */,
				AA0000010000000000000042 /* Models */,
				AA0000010000000000000043 /* Services */,
				AA0000010000000000000044 /* Data */,
				AA0000010000000000000045 /* ViewModels */,
				AA0000010000000000000046 /* Views */,
				AA000001000000000000013B /* Assets.xcassets */,
			);
			path = LeetcodeAnki;
			sourceTree = "<group>";
		};
		AA0000010000000000000041 /* App */ = {
			isa = PBXGroup;
			children = (
				AA000001000000000000001B /* LeetcodeAnkiApp.swift */,
				AA000001000000000000002B /* ContentView.swift */,
			);
			path = App;
			sourceTree = "<group>";
		};
		AA0000010000000000000042 /* Models */ = {
			isa = PBXGroup;
			children = (
				AA000001000000000000003B /* Card.swift */,
			);
			path = Models;
			sourceTree = "<group>";
		};
		AA0000010000000000000043 /* Services */ = {
			isa = PBXGroup;
			children = (
				AA000001000000000000004B /* SM2Algorithm.swift */,
				AA000001000000000000005B /* CardStore.swift */,
			);
			path = Services;
			sourceTree = "<group>";
		};
		AA0000010000000000000044 /* Data */ = {
			isa = PBXGroup;
			children = (
				AA000001000000000000006B /* SeedCards.swift */,
			);
			path = Data;
			sourceTree = "<group>";
		};
		AA0000010000000000000045 /* ViewModels */ = {
			isa = PBXGroup;
			children = (
				AA000001000000000000011B /* StudyViewModel.swift */,
			);
			path = ViewModels;
			sourceTree = "<group>";
		};
		AA0000010000000000000046 /* Views */ = {
			isa = PBXGroup;
			children = (
				AA000001000000000000007B /* HomeView.swift */,
				AA000001000000000000008B /* StudyView.swift */,
				AA000001000000000000009B /* CardDetailView.swift */,
				AA000001000000000000010B /* ProgressView.swift */,
				AA000001000000000000012B /* CategoryView.swift */,
			);
			path = Views;
			sourceTree = "<group>";
		};
		AA0000010000000000000050 /* Products */ = {
			isa = PBXGroup;
			children = (
				AA0000010000000000000020 /* LeetcodeAnki.app */,
			);
			name = Products;
			sourceTree = "<group>";
		};
		AA0000010000000000000060 = {
			isa = PBXGroup;
			children = (
				AA0000010000000000000040 /* LeetcodeAnki */,
				AA0000010000000000000050 /* Products */,
			);
			sourceTree = "<group>";
		};
/* End PBXGroup section */

/* Begin PBXNativeTarget section */
		AA0000010000000000000070 /* LeetcodeAnki */ = {
			isa = PBXNativeTarget;
			buildConfigurationList = AA0000010000000000000080 /* Build configuration list for PBXNativeTarget "LeetcodeAnki" */;
			buildPhases = (
				AA0000010000000000000090 /* Sources */,
				AA0000010000000000000030 /* Frameworks */,
				AA00000100000000000000A0 /* Resources */,
			);
			buildRules = (
			);
			dependencies = (
			);
			name = LeetcodeAnki;
			productName = LeetcodeAnki;
			productReference = AA0000010000000000000020 /* LeetcodeAnki.app */;
			productType = "com.apple.product-type.application";
		};
/* End PBXNativeTarget section */

/* Begin PBXProject section */
		AA00000100000000000000B0 /* Project object */ = {
			isa = PBXProject;
			attributes = {
				BuildIndependentTargetsInParallel = 1;
				LastSwiftUpdateCheck = 1500;
				LastUpgradeCheck = 1500;
				TargetAttributes = {
					AA0000010000000000000070 = {
						CreatedOnToolsVersion = 15.0;
					};
				};
			};
			buildConfigurationList = AA00000100000000000000C0 /* Build configuration list for PBXProject "LeetcodeAnki" */;
			compatibilityVersion = "Xcode 14.0";
			developmentRegion = en;
			hasScannedForEncodings = 0;
			knownRegions = (
				en,
				Base,
			);
			mainGroup = AA0000010000000000000060;
			productRefGroup = AA0000010000000000000050 /* Products */;
			projectDirPath = "";
			projectRoot = "";
			targets = (
				AA0000010000000000000070 /* LeetcodeAnki */,
			);
		};
/* End PBXProject section */

/* Begin PBXResourcesBuildPhase section */
		AA00000100000000000000A0 /* Resources */ = {
			isa = PBXResourcesBuildPhase;
			buildActionMask = 2147483647;
			files = (
				AA000001000000000000013A /* Assets.xcassets in Resources */,
			);
			runOnlyForDeploymentPostprocessing = 0;
		};
/* End PBXResourcesBuildPhase section */

/* Begin PBXSourcesBuildPhase section */
		AA0000010000000000000090 /* Sources */ = {
			isa = PBXSourcesBuildPhase;
			buildActionMask = 2147483647;
			files = (
				AA000001000000000000001A /* LeetcodeAnkiApp.swift in Sources */,
				AA000001000000000000002A /* ContentView.swift in Sources */,
				AA000001000000000000003A /* Card.swift in Sources */,
				AA000001000000000000004A /* SM2Algorithm.swift in Sources */,
				AA000001000000000000005A /* CardStore.swift in Sources */,
				AA000001000000000000006A /* SeedCards.swift in Sources */,
				AA000001000000000000007A /* HomeView.swift in Sources */,
				AA000001000000000000008A /* StudyView.swift in Sources */,
				AA000001000000000000009A /* CardDetailView.swift in Sources */,
				AA000001000000000000010A /* ProgressView.swift in Sources */,
				AA000001000000000000011A /* StudyViewModel.swift in Sources */,
				AA000001000000000000012A /* CategoryView.swift in Sources */,
			);
			runOnlyForDeploymentPostprocessing = 0;
		};
/* End PBXSourcesBuildPhase section */

/* Begin XCBuildConfiguration section */
		AA00000100000000000000D0 /* Debug */ = {
			isa = XCBuildConfiguration;
			buildSettings = {
				ALWAYS_SEARCH_USER_PATHS = NO;
				ASSETCATALOG_COMPILER_GENERATE_SWIFT_ASSET_SYMBOL_EXTENSIONS = YES;
				CLANG_ANALYZER_NONNULL = YES;
				CLANG_ANALYZER_NUMBER_OBJECT_CONVERSION = YES_AGGRESSIVE;
				CLANG_CXX_LANGUAGE_STANDARD = "gnu++20";
				CLANG_ENABLE_MODULES = YES;
				CLANG_ENABLE_OBJC_ARC = YES;
				CLANG_ENABLE_OBJC_WEAK = YES;
				CLANG_WARN_BLOCK_CAPTURE_AUTORELEASING = YES;
				CLANG_WARN_BOOL_CONVERSION = YES;
				CLANG_WARN_COMMA = YES;
				CLANG_WARN_CONSTANT_CONVERSION = YES;
				CLANG_WARN_DEPRECATED_OBJC_IMPLEMENTATIONS = YES;
				CLANG_WARN_DIRECT_OBJC_ISA_USAGE = YES_ERROR;
				CLANG_WARN_DOCUMENTATION_COMMENTS = YES;
				CLANG_WARN_EMPTY_BODY = YES;
				CLANG_WARN_ENUM_CONVERSION = YES;
				CLANG_WARN_INFINITE_RECURSION = YES;
				CLANG_WARN_INT_CONVERSION = YES;
				CLANG_WARN_NON_LITERAL_NULL_CONVERSION = YES;
				CLANG_WARN_OBJC_IMPLICIT_RETAIN_CYCLE = YES;
				CLANG_WARN_OBJC_LITERAL_CONVERSION = YES;
				CLANG_WARN_OBJC_ROOT_CLASS = YES_ERROR;
				CLANG_WARN_QUOTED_INCLUDE_IN_FRAMEWORK_HEADER = YES;
				CLANG_WARN_RANGE_LOOP_ANALYSIS = YES;
				CLANG_WARN_STRICT_PROTOTYPES = YES;
				CLANG_WARN_SUSPICIOUS_MOVE = YES;
				CLANG_WARN_UNGUARDED_AVAILABILITY = YES_AGGRESSIVE;
				CLANG_WARN_UNREACHABLE_CODE = YES;
				CLANG_WARN__DUPLICATE_METHOD_MATCH = YES;
				COPY_PHASE_STRIP = NO;
				DEBUG_INFORMATION_FORMAT = dwarf;
				ENABLE_STRICT_OBJC_MSGSEND = YES;
				ENABLE_TESTABILITY = YES;
				ENABLE_USER_SCRIPT_SANDBOXING = YES;
				GCC_C_LANGUAGE_STANDARD = gnu17;
				GCC_DYNAMIC_NO_PIC = NO;
				GCC_NO_COMMON_BLOCKS = YES;
				GCC_OPTIMIZATION_LEVEL = 0;
				GCC_PREPROCESSOR_DEFINITIONS = (
					"DEBUG=1",
					"$(inherited)",
				);
				GCC_WARN_64_TO_32_BIT_CONVERSION = YES;
				GCC_WARN_ABOUT_RETURN_TYPE = YES_ERROR;
				GCC_WARN_UNDECLARED_SELECTOR = YES;
				GCC_WARN_UNINITIALIZED_AUTOS = YES_AGGRESSIVE;
				GCC_WARN_UNUSED_FUNCTION = YES;
				GCC_WARN_UNUSED_VARIABLE = YES;
				IPHONEOS_DEPLOYMENT_TARGET = 16.0;
				MTL_ENABLE_DEBUG_INFO = INCLUDE_SOURCE;
				MTL_FAST_MATH = YES;
				ONLY_ACTIVE_ARCH = YES;
				SDKROOT = iphoneos;
				SWIFT_ACTIVE_COMPILATION_CONDITIONS = DEBUG;
				SWIFT_OPTIMIZATION_LEVEL = "-Onone";
			};
			name = Debug;
		};
		AA00000100000000000000E0 /* Release */ = {
			isa = XCBuildConfiguration;
			buildSettings = {
				ALWAYS_SEARCH_USER_PATHS = NO;
				ASSETCATALOG_COMPILER_GENERATE_SWIFT_ASSET_SYMBOL_EXTENSIONS = YES;
				CLANG_ANALYZER_NONNULL = YES;
				CLANG_ANALYZER_NUMBER_OBJECT_CONVERSION = YES_AGGRESSIVE;
				CLANG_CXX_LANGUAGE_STANDARD = "gnu++20";
				CLANG_ENABLE_MODULES = YES;
				CLANG_ENABLE_OBJC_ARC = YES;
				CLANG_ENABLE_OBJC_WEAK = YES;
				CLANG_WARN_BLOCK_CAPTURE_AUTORELEASING = YES;
				CLANG_WARN_BOOL_CONVERSION = YES;
				CLANG_WARN_COMMA = YES;
				CLANG_WARN_CONSTANT_CONVERSION = YES;
				CLANG_WARN_DEPRECATED_OBJC_IMPLEMENTATIONS = YES;
				CLANG_WARN_DIRECT_OBJC_ISA_USAGE = YES_ERROR;
				CLANG_WARN_DOCUMENTATION_COMMENTS = YES;
				CLANG_WARN_EMPTY_BODY = YES;
				CLANG_WARN_ENUM_CONVERSION = YES;
				CLANG_WARN_INFINITE_RECURSION = YES;
				CLANG_WARN_INT_CONVERSION = YES;
				CLANG_WARN_NON_LITERAL_NULL_CONVERSION = YES;
				CLANG_WARN_OBJC_IMPLICIT_RETAIN_CYCLE = YES;
				CLANG_WARN_OBJC_LITERAL_CONVERSION = YES;
				CLANG_WARN_OBJC_ROOT_CLASS = YES_ERROR;
				CLANG_WARN_QUOTED_INCLUDE_IN_FRAMEWORK_HEADER = YES;
				CLANG_WARN_RANGE_LOOP_ANALYSIS = YES;
				CLANG_WARN_STRICT_PROTOTYPES = YES;
				CLANG_WARN_SUSPICIOUS_MOVE = YES;
				CLANG_WARN_UNGUARDED_AVAILABILITY = YES_AGGRESSIVE;
				CLANG_WARN_UNREACHABLE_CODE = YES;
				CLANG_WARN__DUPLICATE_METHOD_MATCH = YES;
				COPY_PHASE_STRIP = NO;
				DEBUG_INFORMATION_FORMAT = "dwarf-with-dsym";
				ENABLE_NS_ASSERTIONS = NO;
				ENABLE_STRICT_OBJC_MSGSEND = YES;
				ENABLE_USER_SCRIPT_SANDBOXING = YES;
				GCC_C_LANGUAGE_STANDARD = gnu17;
				GCC_NO_COMMON_BLOCKS = YES;
				GCC_WARN_64_TO_32_BIT_CONVERSION = YES;
				GCC_WARN_ABOUT_RETURN_TYPE = YES_ERROR;
				GCC_WARN_UNDECLARED_SELECTOR = YES;
				GCC_WARN_UNINITIALIZED_AUTOS = YES_AGGRESSIVE;
				GCC_WARN_UNUSED_FUNCTION = YES;
				GCC_WARN_UNUSED_VARIABLE = YES;
				IPHONEOS_DEPLOYMENT_TARGET = 16.0;
				MTL_FAST_MATH = YES;
				SDKROOT = iphoneos;
				SWIFT_COMPILATION_MODE = wholemodule;
				SWIFT_OPTIMIZATION_LEVEL = "-O";
				VALIDATE_PRODUCT = YES;
			};
			name = Release;
		};
		AA00000100000000000000F0 /* Debug */ = {
			isa = XCBuildConfiguration;
			buildSettings = {
				ASSETCATALOG_COMPILER_APPICON_NAME = AppIcon;
				ASSETCATALOG_COMPILER_GLOBAL_ACCENT_COLOR_NAME = AccentColor;
				CODE_SIGN_STYLE = Automatic;
				CURRENT_PROJECT_VERSION = 1;
				DEVELOPMENT_ASSET_PATHS = "";
				ENABLE_PREVIEWS = YES;
				GENERATE_INFOPLIST_FILE = YES;
				INFOPLIST_KEY_UIApplicationSceneManifest_Generation = YES;
				INFOPLIST_KEY_UIApplicationSupportsIndirectInputEvents = YES;
				INFOPLIST_KEY_UILaunchScreen_Generation = YES;
				INFOPLIST_KEY_UISupportedInterfaceOrientations_iPhone = "UIInterfaceOrientationPortrait UIInterfaceOrientationLandscapeLeft UIInterfaceOrientationLandscapeRight";
				IPHONEOS_DEPLOYMENT_TARGET = 16.0;
				LD_RUNPATH_SEARCH_PATHS = (
					"$(inherited)",
					"@executable_path/Frameworks",
				);
				MARKETING_VERSION = 1.0;
				PRODUCT_BUNDLE_IDENTIFIER = com.panthri.leetcodeanki;
				PRODUCT_NAME = LeetcodeAnki;
				SWIFT_EMIT_LOC_STRINGS = YES;
				SWIFT_VERSION = 5.0;
				TARGETED_DEVICE_FAMILY = 1;
			};
			name = Debug;
		};
		AA0000010000000000000100 /* Release */ = {
			isa = XCBuildConfiguration;
			buildSettings = {
				ASSETCATALOG_COMPILER_APPICON_NAME = AppIcon;
				ASSETCATALOG_COMPILER_GLOBAL_ACCENT_COLOR_NAME = AccentColor;
				CODE_SIGN_STYLE = Automatic;
				CURRENT_PROJECT_VERSION = 1;
				DEVELOPMENT_ASSET_PATHS = "";
				ENABLE_PREVIEWS = YES;
				GENERATE_INFOPLIST_FILE = YES;
				INFOPLIST_KEY_UIApplicationSceneManifest_Generation = YES;
				INFOPLIST_KEY_UIApplicationSupportsIndirectInputEvents = YES;
				INFOPLIST_KEY_UILaunchScreen_Generation = YES;
				INFOPLIST_KEY_UISupportedInterfaceOrientations_iPhone = "UIInterfaceOrientationPortrait UIInterfaceOrientationLandscapeLeft UIInterfaceOrientationLandscapeRight";
				IPHONEOS_DEPLOYMENT_TARGET = 16.0;
				LD_RUNPATH_SEARCH_PATHS = (
					"$(inherited)",
					"@executable_path/Frameworks",
				);
				MARKETING_VERSION = 1.0;
				PRODUCT_BUNDLE_IDENTIFIER = com.panthri.leetcodeanki;
				PRODUCT_NAME = LeetcodeAnki;
				SWIFT_EMIT_LOC_STRINGS = YES;
				SWIFT_VERSION = 5.0;
				TARGETED_DEVICE_FAMILY = 1;
			};
			name = Release;
		};
/* End XCBuildConfiguration section */

/* Begin XCConfigurationList section */
		AA00000100000000000000C0 /* Build configuration list for PBXProject "LeetcodeAnki" */ = {
			isa = XCConfigurationList;
			buildConfigurations = (
				AA00000100000000000000D0 /* Debug */,
				AA00000100000000000000E0 /* Release */,
			);
			defaultConfigurationIsVisible = 0;
			defaultConfigurationName = Release;
		};
		AA0000010000000000000080 /* Build configuration list for PBXNativeTarget "LeetcodeAnki" */ = {
			isa = XCConfigurationList;
			buildConfigurations = (
				AA00000100000000000000F0 /* Debug */,
				AA0000010000000000000100 /* Release */,
			);
			defaultConfigurationIsVisible = 0;
			defaultConfigurationName = Release;
		};
/* End XCConfigurationList section */

	};
	rootObject = AA00000100000000000000B0 /* Project object */;
}
